
Microsoft Visual Studio Solution File, Format Version 12.00
# Visual Studio Version 17
VisualStudioVersion = 17.7.34024.191
MinimumVisualStudioVersion = 10.0.40219.1
Project("{FAE04EC0-301F-11D3-BF4B-00C04F79EFBC}") = "StajProje1", "StajProje1\StajProje1.csproj", "{C8B47E9B-0A1F-4C93-B0E3-3A2C56BEA115}"
EndProject
Global
	GlobalSection(SolutionConfigurationPlatforms) = preSolution
		Debug|Any CPU = Debug|Any CPU
		Release|Any CPU = Release|Any CPU
	EndGlobalSection
	GlobalSection(ProjectConfigurationPlatforms) = postSolution
		{C8B47E9B-0A1F-4C93-B0E3-3A2C56BEA115}.Debug|Any CPU.ActiveCfg = Debug|Any CPU
		{C8B47E9B-0A1F-4C93-B0E3-3A2C56BEA115}.Debug|Any CPU.Build.0 = Debug|Any CPU
		{C8B47E9B-0A1F-4C93-B0E3-3A2C56BEA115}.Release|Any CPU.ActiveCfg = Release|Any CPU
		{C8B47E9B-0A1F-4C93-B0E3-3A2C56BEA115}.Release|Any CPU.Build.0 = Release|Any CPU
	EndGlobalSection
	GlobalSection(SolutionProperties) = preSolution
		HideSolutionNode = FALSE
	EndGlobalSection
	GlobalSection(ExtensibilityGlobals) = postSolution
		SolutionGuid = {208A0FAE-F762-48A4-AED9-F00CF2F6917C}
	EndGlobalSection
EndGlobal
